Microsoft Visual Studio Solution File, Format Version 12.00
# Visual Studio Version 17
VisualStudioVersion = 17.5.2.0
MinimumVisualStudioVersion = 10.0.40219.1
Project("{FAE04EC0-301F-11D3-BF4B-00C04F79EFBC}") = "AvmB2B.Api", "AvmB2B.Api.csproj", "{38978689-C674-F315-F691-F1378946A702}"
EndProject
Global
	GlobalSection(SolutionConfigurationPlatforms) = preSolution
		Debug|Any CPU = Debug|Any CPU
		Release|Any CPU = Release|Any CPU
	EndGlobalSection
	GlobalSection(ProjectConfigurationPlatforms) = postSolution
		{38978689-C674-F315-F691-F1378946A702}.Debug|Any CPU.ActiveCfg = Debug|Any CPU
		{38978689-C674-F315-F691-F1378946A702}.Debug|Any CPU.Build.0 = Debug|Any CPU
		{38978689-C674-F315-F691-F1378946A702}.Release|Any CPU.ActiveCfg = Release|Any CPU
		{38978689-C674-F315-F691-F1378946A702}.Release|Any CPU.Build.0 = Release|Any CPU
	EndGlobalSection
	GlobalSection(SolutionProperties) = preSolution
		HideSolutionNode = FALSE
	EndGlobalSection
	GlobalSection(ExtensibilityGlobals) = postSolution
		SolutionGuid = {692E0B01-AFDE-42B4-AE68-F535AE51C77B}
	EndGlobalSection
EndGlobal
